
Microsoft Visual Studio Solution File, Format Version 12.00
# Visual Studio Version 16
VisualStudioVersion = 16.0.29409.12
MinimumVisualStudioVersion = 10.0.40219.1
Project("{FAE04EC0-301F-11D3-BF4B-00C04F79EFBC}") = "HastaneOtomasyonu-YM", "HastaneOtomasyonu-YM\HastaneOtomasyonu-YM.csproj", "{F1EEAC13-B4DD-4B4A-B895-DF61621E0985}"
EndProject
Global
	GlobalSection(SolutionConfigurationPlatforms) = preSolution
		Debug|Any CPU = Debug|Any CPU
		Release|Any CPU = Release|Any CPU
	EndGlobalSection
	GlobalSection(ProjectConfigurationPlatforms) = postSolution
		{F1EEAC13-B4DD-4B4A-B895-DF61621E0985}.Debug|Any CPU.ActiveCfg = Debug|Any CPU
		{F1EEAC13-B4DD-4B4A-B895-DF61621E0985}.Debug|Any CPU.Build.0 = Debug|Any CPU
		{F1EEAC13-B4DD-4B4A-B895-DF61621E0985}.Release|Any CPU.ActiveCfg = Release|Any CPU
		{F1EEAC13-B4DD-4B4A-B895-DF61621E0985}.Release|Any CPU.Build.0 = Release|Any CPU
	EndGlobalSection
	GlobalSection(SolutionProperties) = preSolution
		HideSolutionNode = FALSE
	EndGlobalSection
	GlobalSection(ExtensibilityGlobals) = postSolution
		SolutionGuid = {8B599A12-7173-4E64-AEAE-7039C5AE8390}
	EndGlobalSection
EndGlobal
